// !$*UTF8*$!
{
	archiveVersion = 1;
	classes = {
	};
	objectVersion = 55;
	objects = {

/* Begin PBXBuildFile section */
		6D567AA42821EA0E009573F7 /* Awards.json in Resources */ = {isa = PBXBuildFile; fileRef = 6D567AA32821EA0E009573F7 /* Awards.json */; };
		6D567AAF2822197B009573F7 /* UltimatePortfolioTests.swift in Sources */ = {isa = PBXBuildFile; fileRef = 6D567AAE2822197B009573F7 /* UltimatePortfolioTests.swift */; };
		6D567AB628221C0D009573F7 /* AssetTests.swift in Sources */ = {isa = PBXBuildFile; fileRef = 6D567AB528221C0D009573F7 /* AssetTests.swift */; };
		6D567ABA28223681009573F7 /* ProjectTests.swift in Sources */ = {isa = PBXBuildFile; fileRef = 6D567AB928223681009573F7 /* ProjectTests.swift */; };
		6D567ABC28224ADA009573F7 /* AwardTests.swift in Sources */ = {isa = PBXBuildFile; fileRef = 6D567ABB28224ADA009573F7 /* AwardTests.swift */; };
		6D567ABE2824CE20009573F7 /* DevelopmentTests.swift in Sources */ = {isa = PBXBuildFile; fileRef = 6D567ABD2824CE20009573F7 /* DevelopmentTests.swift */; };
		6D805A71280F8D840060FE06 /* Color-Additions.swift in Sources */ = {isa = PBXBuildFile; fileRef = 6D805A70280F8D840060FE06 /* Color-Additions.swift */; };
		6D805A7628129C730060FE06 /* Localizable.strings in Resources */ = {isa = PBXBuildFile; fileRef = 6D805A7828129C730060FE06 /* Localizable.strings */; };
		6D805A7A2813806A0060FE06 /* Localizable.stringsdict in Resources */ = {isa = PBXBuildFile; fileRef = 6D805A7C2813806A0060FE06 /* Localizable.stringsdict */; };
		6D805A7E281382D30060FE06 /* Awards.json in Resources */ = {isa = PBXBuildFile; fileRef = 6D805A80281382D30060FE06 /* Awards.json */; };
		6D805A832818D68B0060FE06 /* ItemListView.swift in Sources */ = {isa = PBXBuildFile; fileRef = 6D805A822818D68B0060FE06 /* ItemListView.swift */; };
		6D805A852818D9D60060FE06 /* ProjectSummaryView.swift in Sources */ = {isa = PBXBuildFile; fileRef = 6D805A842818D9D60060FE06 /* ProjectSummaryView.swift */; };
		6D837E6D27F523BF0003C6C1 /* UltimatePortfolioApp.swift in Sources */ = {isa = PBXBuildFile; fileRef = 6D837E6C27F523BF0003C6C1 /* UltimatePortfolioApp.swift */; };
		6D837E6F27F523BF0003C6C1 /* ContentView.swift in Sources */ = {isa = PBXBuildFile; fileRef = 6D837E6E27F523BF0003C6C1 /* ContentView.swift */; };
		6D837E7127F523C20003C6C1 /* Assets.xcassets in Resources */ = {isa = PBXBuildFile; fileRef = 6D837E7027F523C20003C6C1 /* Assets.xcassets */; };
		6D837E7427F523C20003C6C1 /* Preview Assets.xcassets in Resources */ = {isa = PBXBuildFile; fileRef = 6D837E7327F523C20003C6C1 /* Preview Assets.xcassets */; };
		6D837E7C27F525140003C6C1 /* Main.xcdatamodeld in Sources */ = {isa = PBXBuildFile; fileRef = 6D837E7A27F525140003C6C1 /* Main.xcdatamodeld */; };
		6D9E943827F52AE80044A5A0 /* DataController.swift in Sources */ = {isa = PBXBuildFile; fileRef = 6D9E943727F52AE80044A5A0 /* DataController.swift */; };
		6D9E943C27F54ED70044A5A0 /* CloudKit.framework in Frameworks */ = {isa = PBXBuildFile; fileRef = 6D9E943B27F54ED70044A5A0 /* CloudKit.framework */; };
		6D9E943F27F553C20044A5A0 /* HomeView.swift in Sources */ = {isa = PBXBuildFile; fileRef = 6D9E943E27F553C20044A5A0 /* HomeView.swift */; };
		6D9E944127F554E90044A5A0 /* ProjectsView.swift in Sources */ = {isa = PBXBuildFile; fileRef = 6D9E944027F554E90044A5A0 /* ProjectsView.swift */; };
		6D9E944327F582F90044A5A0 /* Item-CoreDataHelpers.swift in Sources */ = {isa = PBXBuildFile; fileRef = 6D9E944227F582F90044A5A0 /* Item-CoreDataHelpers.swift */; };
		6D9E944527F584D50044A5A0 /* Project-CoreDataHelpers.swift in Sources */ = {isa = PBXBuildFile; fileRef = 6D9E944427F584D50044A5A0 /* Project-CoreDataHelpers.swift */; };
		6DCC3BB627FAA9A6000052D9 /* EditItemView.swift in Sources */ = {isa = PBXBuildFile; fileRef = 6DCC3BB527FAA9A6000052D9 /* EditItemView.swift */; };
		6DCC3BB827FABD62000052D9 /* ItemRowView.swift in Sources */ = {isa = PBXBuildFile; fileRef = 6DCC3BB727FABD62000052D9 /* ItemRowView.swift */; };
		6DCC3BBA27FBCF84000052D9 /* ProjectHeaderView.swift in Sources */ = {isa = PBXBuildFile; fileRef = 6DCC3BB927FBCF84000052D9 /* ProjectHeaderView.swift */; };
		6DCC3BBC27FBD7BA000052D9 /* Colors.xcassets in Resources */ = {isa = PBXBuildFile; fileRef = 6DCC3BBB27FBD7BA000052D9 /* Colors.xcassets */; };
		6DCC3BBE27FC0F69000052D9 /* EditProjectView.swift in Sources */ = {isa = PBXBuildFile; fileRef = 6DCC3BBD27FC0F69000052D9 /* EditProjectView.swift */; };
		6DE50DF02828D34C00664B8A /* ExtensionTests.swift in Sources */ = {isa = PBXBuildFile; fileRef = 6DE50DEF2828D34C00664B8A /* ExtensionTests.swift */; };
		6DE50DF32828D76300664B8A /* DecodableDictionary.json in Resources */ = {isa = PBXBuildFile; fileRef = 6DE50DF22828D76300664B8A /* DecodableDictionary.json */; };
		6DE50DF52828D7ED00664B8A /* DecodableString.json in Resources */ = {isa = PBXBuildFile; fileRef = 6DE50DF42828D7ED00664B8A /* DecodableString.json */; };
		6DEB02642807C7F200981BBC /* SelectSomethingView.swift in Sources */ = {isa = PBXBuildFile; fileRef = 6DEB02632807C7F200981BBC /* SelectSomethingView.swift */; };
		6DEB0266280A37E500981BBC /* Bundle-Decodable.swift in Sources */ = {isa = PBXBuildFile; fileRef = 6DEB0265280A37E500981BBC /* Bundle-Decodable.swift */; };
		6DEB0268280A600400981BBC /* Award.swift in Sources */ = {isa = PBXBuildFile; fileRef = 6DEB0267280A600400981BBC /* Award.swift */; };
		6DEB026A280A616700981BBC /* AwardsView.swift in Sources */ = {isa = PBXBuildFile; fileRef = 6DEB0269280A616700981BBC /* AwardsView.swift */; };
/* End PBXBuildFile section */

/* Begin PBXContainerItemProxy section */
		6D567AB02822197B009573F7 /* PBXContainerItemProxy */ = {
			isa = PBXContainerItemProxy;
			containerPortal = 6D837E6127F523BF0003C6C1 /* Project object */;
			proxyType = 1;
			remoteGlobalIDString = 6D837E6827F523BF0003C6C1;
			remoteInfo = UltimatePortfolio;
		};
/* End PBXContainerItemProxy section */

/* Begin PBXFileReference section */
		6D567A92281FA915009573F7 /* README.md */ = {isa = PBXFileReference; lastKnownFileType = net.daringfireball.markdown; path = README.md; sourceTree = "<group>"; };
		6D567AA32821EA0E009573F7 /* Awards.json */ = {isa = PBXFileReference; fileEncoding = 4; lastKnownFileType = text.json; path = Awards.json; sourceTree = "<group>"; };
		6D567AAC2822197B009573F7 /* UltimatePortfolioTests.xctest */ = {isa = PBXFileReference; explicitFileType = wrapper.cfbundle; includeInIndex = 0; path = UltimatePortfolioTests.xctest; sourceTree = BUILT_PRODUCTS_DIR; };
		6D567AAE2822197B009573F7 /* UltimatePortfolioTests.swift */ = {isa = PBXFileReference; lastKnownFileType = sourcecode.swift; path = UltimatePortfolioTests.swift; sourceTree = "<group>"; };
		6D567AB528221C0D009573F7 /* AssetTests.swift */ = {isa = PBXFileReference; lastKnownFileType = sourcecode.swift; path = AssetTests.swift; sourceTree = "<group>"; };
		6D567AB928223681009573F7 /* ProjectTests.swift */ = {isa = PBXFileReference; lastKnownFileType = sourcecode.swift; name = ProjectTests.swift; path = UltimatePortfolio/ProjectTests.swift; sourceTree = SOURCE_ROOT; };
		6D567ABB28224ADA009573F7 /* AwardTests.swift */ = {isa = PBXFileReference; lastKnownFileType = sourcecode.swift; name = AwardTests.swift; path = UltimatePortfolio/Activities/Awards/AwardTests.swift; sourceTree = SOURCE_ROOT; };
		6D567ABD2824CE20009573F7 /* DevelopmentTests.swift */ = {isa = PBXFileReference; lastKnownFileType = sourcecode.swift; path = DevelopmentTests.swift; sourceTree = "<group>"; };
		6D805A70280F8D840060FE06 /* Color-Additions.swift */ = {isa = PBXFileReference; lastKnownFileType = sourcecode.swift; path = "Color-Additions.swift"; sourceTree = "<group>"; };
		6D805A7728129C730060FE06 /* en */ = {isa = PBXFileReference; lastKnownFileType = text.plist.strings; name = en; path = en.lproj/Localizable.strings; sourceTree = "<group>"; };
		6D805A79281377C50060FE06 /* hu */ = {isa = PBXFileReference; lastKnownFileType = text.plist.strings; name = hu; path = hu.lproj/Localizable.strings; sourceTree = "<group>"; };
		6D805A7B2813806A0060FE06 /* en */ = {isa = PBXFileReference; lastKnownFileType = text.plist.stringsdict; name = en; path = en.lproj/Localizable.stringsdict; sourceTree = "<group>"; };
		6D805A7D2813806D0060FE06 /* hu */ = {isa = PBXFileReference; lastKnownFileType = text.plist.stringsdict; name = hu; path = hu.lproj/Localizable.stringsdict; sourceTree = "<group>"; };
		6D805A7F281382D30060FE06 /* hu */ = {isa = PBXFileReference; lastKnownFileType = text.json; name = hu; path = hu.lproj/Awards.json; sourceTree = "<group>"; };
		6D805A81281382EA0060FE06 /* en */ = {isa = PBXFileReference; lastKnownFileType = text.json; name = en; path = en.lproj/Awards.json; sourceTree = "<group>"; };
		6D805A822818D68B0060FE06 /* ItemListView.swift */ = {isa = PBXFileReference; lastKnownFileType = sourcecode.swift; path = ItemListView.swift; sourceTree = "<group>"; };
		6D805A842818D9D60060FE06 /* ProjectSummaryView.swift */ = {isa = PBXFileReference; lastKnownFileType = sourcecode.swift; path = ProjectSummaryView.swift; sourceTree = "<group>"; };
		6D837E6927F523BF0003C6C1 /* UltimatePortfolio.app */ = {isa = PBXFileReference; explicitFileType = wrapper.application; includeInIndex = 0; path = UltimatePortfolio.app; sourceTree = BUILT_PRODUCTS_DIR; };
		6D837E6C27F523BF0003C6C1 /* UltimatePortfolioApp.swift */ = {isa = PBXFileReference; lastKnownFileType = sourcecode.swift; path = UltimatePortfolioApp.swift; sourceTree = "<group>"; };
		6D837E6E27F523BF0003C6C1 /* ContentView.swift */ = {isa = PBXFileReference; lastKnownFileType = sourcecode.swift; path = ContentView.swift; sourceTree = "<group>"; };
		6D837E7027F523C20003C6C1 /* Assets.xcassets */ = {isa = PBXFileReference; lastKnownFileType = folder.assetcatalog; path = Assets.xcassets; sourceTree = "<group>"; };
		6D837E7327F523C20003C6C1 /* Preview Assets.xcassets */ = {isa = PBXFileReference; lastKnownFileType = folder.assetcatalog; path = "Preview Assets.xcassets"; sourceTree = "<group>"; };
		6D837E7B27F525140003C6C1 /* Main.xcdatamodel */ = {isa = PBXFileReference; lastKnownFileType = wrapper.xcdatamodel; path = Main.xcdatamodel; sourceTree = "<group>"; };
		6D9E943727F52AE80044A5A0 /* DataController.swift */ = {isa = PBXFileReference; lastKnownFileType = sourcecode.swift; path = DataController.swift; sourceTree = "<group>"; };
		6D9E943927F54ECB0044A5A0 /* UltimatePortfolio.entitlements */ = {isa = PBXFileReference; lastKnownFileType = text.plist.entitlements; path = UltimatePortfolio.entitlements; sourceTree = "<group>"; };
		6D9E943B27F54ED70044A5A0 /* CloudKit.framework */ = {isa = PBXFileReference; lastKnownFileType = wrapper.framework; name = CloudKit.framework; path = System/Library/Frameworks/CloudKit.framework; sourceTree = SDKROOT; };
		6D9E943D27F551B40044A5A0 /* Info.plist */ = {isa = PBXFileReference; lastKnownFileType = text.plist.xml; path = Info.plist; sourceTree = "<group>"; };
		6D9E943E27F553C20044A5A0 /* HomeView.swift */ = {isa = PBXFileReference; lastKnownFileType = sourcecode.swift; path = HomeView.swift; sourceTree = "<group>"; };
		6D9E944027F554E90044A5A0 /* ProjectsView.swift */ = {isa = PBXFileReference; lastKnownFileType = sourcecode.swift; path = ProjectsView.swift; sourceTree = "<group>"; };
		6D9E944227F582F90044A5A0 /* Item-CoreDataHelpers.swift */ = {isa = PBXFileReference; lastKnownFileType = sourcecode.swift; path = "Item-CoreDataHelpers.swift"; sourceTree = "<group>"; };
		6D9E944427F584D50044A5A0 /* Project-CoreDataHelpers.swift */ = {isa = PBXFileReference; lastKnownFileType = sourcecode.swift; path = "Project-CoreDataHelpers.swift"; sourceTree = "<group>"; };
		6DCC3BB527FAA9A6000052D9 /* EditItemView.swift */ = {isa = PBXFileReference; lastKnownFileType = sourcecode.swift; path = EditItemView.swift; sourceTree = "<group>"; };
		6DCC3BB727FABD62000052D9 /* ItemRowView.swift */ = {isa = PBXFileReference; lastKnownFileType = sourcecode.swift; path = ItemRowView.swift; sourceTree = "<group>"; };
		6DCC3BB927FBCF84000052D9 /* ProjectHeaderView.swift */ = {isa = PBXFileReference; lastKnownFileType = sourcecode.swift; path = ProjectHeaderView.swift; sourceTree = "<group>"; };
		6DCC3BBB27FBD7BA000052D9 /* Colors.xcassets */ = {isa = PBXFileReference; lastKnownFileType = folder.assetcatalog; path = Colors.xcassets; sourceTree = "<group>"; };
		6DCC3BBD27FC0F69000052D9 /* EditProjectView.swift */ = {isa = PBXFileReference; lastKnownFileType = sourcecode.swift; path = EditProjectView.swift; sourceTree = "<group>"; };
		6DE50DEF2828D34C00664B8A /* ExtensionTests.swift */ = {isa = PBXFileReference; lastKnownFileType = sourcecode.swift; path = ExtensionTests.swift; sourceTree = "<group>"; };
		6DE50DF22828D76300664B8A /* DecodableDictionary.json */ = {isa = PBXFileReference; lastKnownFileType = text.json; path = DecodableDictionary.json; sourceTree = "<group>"; };
		6DE50DF42828D7ED00664B8A /* DecodableString.json */ = {isa = PBXFileReference; lastKnownFileType = text.json; path = DecodableString.json; sourceTree = "<group>"; };
		6DEB02632807C7F200981BBC /* SelectSomethingView.swift */ = {isa = PBXFileReference; lastKnownFileType = sourcecode.swift; path = SelectSomethingView.swift; sourceTree = "<group>"; };
		6DEB0265280A37E500981BBC /* Bundle-Decodable.swift */ = {isa = PBXFileReference; lastKnownFileType = sourcecode.swift; path = "Bundle-Decodable.swift"; sourceTree = "<group>"; };
		6DEB0267280A600400981BBC /* Award.swift */ = {isa = PBXFileReference; lastKnownFileType = sourcecode.swift; path = Award.swift; sourceTree = "<group>"; };
		6DEB0269280A616700981BBC /* AwardsView.swift */ = {isa = PBXFileReference; lastKnownFileType = sourcecode.swift; path = AwardsView.swift; sourceTree = "<group>"; };
/* End PBXFileReference section */

/* Begin PBXFrameworksBuildPhase section */
		6D567AA92822197B009573F7 /* Frameworks */ = {
			isa = PBXFrameworksBuildPhase;
			buildActionMask = 2147483647;
			files = (
			);
			runOnlyForDeploymentPostprocessing = 0;
		};
		6D837E6627F523BF0003C6C1 /* Frameworks */ = {
			isa = PBXFrameworksBuildPhase;
			buildActionMask = 2147483647;
			files = (
				6D9E943C27F54ED70044A5A0 /* CloudKit.framework in Frameworks */,
			);
			runOnlyForDeploymentPostprocessing = 0;
		};
/* End PBXFrameworksBuildPhase section */

/* Begin PBXGroup section */
		6D567A9D2821E232009573F7 /* Home */ = {
			isa = PBXGroup;
			children = (
				6D9E943E27F553C20044A5A0 /* HomeView.swift */,
				6D805A822818D68B0060FE06 /* ItemListView.swift */,
				6D805A842818D9D60060FE06 /* ProjectSummaryView.swift */,
			);
			path = Home;
			sourceTree = "<group>";
		};
		6D567A9E2821E262009573F7 /* Projects */ = {
			isa = PBXGroup;
			children = (
				6D9E944027F554E90044A5A0 /* ProjectsView.swift */,
				6DEB02632807C7F200981BBC /* SelectSomethingView.swift */,
				6DCC3BB927FBCF84000052D9 /* ProjectHeaderView.swift */,
				6DCC3BB727FABD62000052D9 /* ItemRowView.swift */,
				6DCC3BBD27FC0F69000052D9 /* EditProjectView.swift */,
				6DCC3BB527FAA9A6000052D9 /* EditItemView.swift */,
			);
			path = Projects;
			sourceTree = "<group>";
		};
		6D567AA12821E3A1009573F7 /* Localization */ = {
			isa = PBXGroup;
			children = (
				6D805A80281382D30060FE06 /* Awards.json */,
				6D805A7828129C730060FE06 /* Localizable.strings */,
				6D805A7C2813806A0060FE06 /* Localizable.stringsdict */,
			);
			path = Localization;
			sourceTree = "<group>";
		};
		6D567AA22821E434009573F7 /* Configuration */ = {
			isa = PBXGroup;
			children = (
				6D9E943D27F551B40044A5A0 /* Info.plist */,
				6D9E943927F54ECB0044A5A0 /* UltimatePortfolio.entitlements */,
				6D837E7A27F525140003C6C1 /* Main.xcdatamodeld */,
			);
			path = Configuration;
			sourceTree = "<group>";
		};
		6D567AA52821EA45009573F7 /* Awards */ = {
			isa = PBXGroup;
			children = (
				6DEB0269280A616700981BBC /* AwardsView.swift */,
				6DEB0267280A600400981BBC /* Award.swift */,
				6D567AA32821EA0E009573F7 /* Awards.json */,
			);
			path = Awards;
			sourceTree = "<group>";
		};
		6D567AA6282203D2009573F7 /* Extensions */ = {
			isa = PBXGroup;
			children = (
				6D9E944427F584D50044A5A0 /* Project-CoreDataHelpers.swift */,
				6D9E944227F582F90044A5A0 /* Item-CoreDataHelpers.swift */,
				6DEB0265280A37E500981BBC /* Bundle-Decodable.swift */,
				6D805A70280F8D840060FE06 /* Color-Additions.swift */,
			);
			path = Extensions;
			sourceTree = "<group>";
		};
		6D567AA728220502009573F7 /* Activities */ = {
			isa = PBXGroup;
			children = (
				6D567A9D2821E232009573F7 /* Home */,
				6D567A9E2821E262009573F7 /* Projects */,
				6D567AA52821EA45009573F7 /* Awards */,
			);
			path = Activities;
			sourceTree = "<group>";
		};
		6D567AAD2822197B009573F7 /* UltimatePortfolioTests */ = {
			isa = PBXGroup;
			children = (
				6DE50DF12828D73500664B8A /* TestFixtures */,
				6D567ABB28224ADA009573F7 /* AwardTests.swift */,
				6D567ABD2824CE20009573F7 /* DevelopmentTests.swift */,
				6D567AB928223681009573F7 /* ProjectTests.swift */,
				6D567AAE2822197B009573F7 /* UltimatePortfolioTests.swift */,
				6D567AB528221C0D009573F7 /* AssetTests.swift */,
				6DE50DEF2828D34C00664B8A /* ExtensionTests.swift */,
			);
			path = UltimatePortfolioTests;
			sourceTree = "<group>";
		};
		6D837E6027F523BF0003C6C1 = {
			isa = PBXGroup;
			children = (
				6D567A92281FA915009573F7 /* README.md */,
				6D837E6B27F523BF0003C6C1 /* UltimatePortfolio */,
				6D567AAD2822197B009573F7 /* UltimatePortfolioTests */,
				6D837E6A27F523BF0003C6C1 /* Products */,
				6D9E943A27F54ED70044A5A0 /* Frameworks */,
			);
			sourceTree = "<group>";
		};
		6D837E6A27F523BF0003C6C1 /* Products */ = {
			isa = PBXGroup;
			children = (
				6D837E6927F523BF0003C6C1 /* UltimatePortfolio.app */,
				6D567AAC2822197B009573F7 /* UltimatePortfolioTests.xctest */,
			);
			name = Products;
			sourceTree = "<group>";
		};
		6D837E6B27F523BF0003C6C1 /* UltimatePortfolio */ = {
			isa = PBXGroup;
			children = (
				6D837E6C27F523BF0003C6C1 /* UltimatePortfolioApp.swift */,
				6D9E943727F52AE80044A5A0 /* DataController.swift */,
				6D837E6E27F523BF0003C6C1 /* ContentView.swift */,
				6D567AA728220502009573F7 /* Activities */,
				6D567AA6282203D2009573F7 /* Extensions */,
				6D567AA12821E3A1009573F7 /* Localization */,
				6D567AA22821E434009573F7 /* Configuration */,
				6D837E7027F523C20003C6C1 /* Assets.xcassets */,
				6DCC3BBB27FBD7BA000052D9 /* Colors.xcassets */,
				6D837E7227F523C20003C6C1 /* Preview Content */,
			);
			path = UltimatePortfolio;
			sourceTree = "<group>";
		};
		6D837E7227F523C20003C6C1 /* Preview Content */ = {
			isa = PBXGroup;
			children = (
				6D837E7327F523C20003C6C1 /* Preview Assets.xcassets */,
			);
			path = "Preview Content";
			sourceTree = "<group>";
		};
		6D9E943A27F54ED70044A5A0 /* Frameworks */ = {
			isa = PBXGroup;
			children = (
				6D9E943B27F54ED70044A5A0 /* CloudKit.framework */,
			);
			name = Frameworks;
			sourceTree = "<group>";
		};
		6DE50DF12828D73500664B8A /* TestFixtures */ = {
			isa = PBXGroup;
			children = (
				6DE50DF22828D76300664B8A /* DecodableDictionary.json */,
				6DE50DF42828D7ED00664B8A /* DecodableString.json */,
			);
			path = TestFixtures;
			sourceTree = "<group>";
		};
/* End PBXGroup section */

/* Begin PBXNativeTarget section */
		6D567AAB2822197B009573F7 /* UltimatePortfolioTests */ = {
			isa = PBXNativeTarget;
			buildConfigurationList = 6D567AB22822197B009573F7 /* Build configuration list for PBXNativeTarget "UltimatePortfolioTests" */;
			buildPhases = (
				6D567AA82822197B009573F7 /* Sources */,
				6D567AA92822197B009573F7 /* Frameworks */,
				6D567AAA2822197B009573F7 /* Resources */,
			);
			buildRules = (
			);
			dependencies = (
				6D567AB12822197B009573F7 /* PBXTargetDependency */,
			);
			name = UltimatePortfolioTests;
			productName = UltimatePortfolioTests;
			productReference = 6D567AAC2822197B009573F7 /* UltimatePortfolioTests.xctest */;
			productType = "com.apple.product-type.bundle.unit-test";
		};
		6D837E6827F523BF0003C6C1 /* UltimatePortfolio */ = {
			isa = PBXNativeTarget;
			buildConfigurationList = 6D837E7727F523C20003C6C1 /* Build configuration list for PBXNativeTarget "UltimatePortfolio" */;
			buildPhases = (
				6D837E6527F523BF0003C6C1 /* Sources */,
				6D837E6627F523BF0003C6C1 /* Frameworks */,
				6D837E6727F523BF0003C6C1 /* Resources */,
			);
			buildRules = (
			);
			dependencies = (
			);
			name = UltimatePortfolio;
			productName = UltimatePortfolio;
			productReference = 6D837E6927F523BF0003C6C1 /* UltimatePortfolio.app */;
			productType = "com.apple.product-type.application";
		};
/* End PBXNativeTarget section */

/* Begin PBXProject section */
		6D837E6127F523BF0003C6C1 /* Project object */ = {
			isa = PBXProject;
			attributes = {
				BuildIndependentTargetsInParallel = 1;
				LastSwiftUpdateCheck = 1330;
				LastUpgradeCheck = 1330;
				TargetAttributes = {
					6D567AAB2822197B009573F7 = {
						CreatedOnToolsVersion = 13.3.1;
						TestTargetID = 6D837E6827F523BF0003C6C1;
					};
					6D837E6827F523BF0003C6C1 = {
						CreatedOnToolsVersion = 13.3;
					};
				};
			};
			buildConfigurationList = 6D837E6427F523BF0003C6C1 /* Build configuration list for PBXProject "UltimatePortfolio" */;
			compatibilityVersion = "Xcode 13.0";
			developmentRegion = en;
			hasScannedForEncodings = 0;
			knownRegions = (
				en,
				Base,
				hu,
			);
			mainGroup = 6D837E6027F523BF0003C6C1;
			productRefGroup = 6D837E6A27F523BF0003C6C1 /* Products */;
			projectDirPath = "";
			projectRoot = "";
			targets = (
				6D837E6827F523BF0003C6C1 /* UltimatePortfolio */,
				6D567AAB2822197B009573F7 /* UltimatePortfolioTests */,
			);
		};
/* End PBXProject section */

/* Begin PBXResourcesBuildPhase section */
		6D567AAA2822197B009573F7 /* Resources */ = {
			isa = PBXResourcesBuildPhase;
			buildActionMask = 2147483647;
			files = (
				6DE50DF52828D7ED00664B8A /* DecodableString.json in Resources */,
				6DE50DF32828D76300664B8A /* DecodableDictionary.json in Resources */,
			);
			runOnlyForDeploymentPostprocessing = 0;
		};
		6D837E6727F523BF0003C6C1 /* Resources */ = {
			isa = PBXResourcesBuildPhase;
			buildActionMask = 2147483647;
			files = (
				6D805A7628129C730060FE06 /* Localizable.strings in Resources */,
				6D567AA42821EA0E009573F7 /* Awards.json in Resources */,
				6DCC3BBC27FBD7BA000052D9 /* Colors.xcassets in Resources */,
				6D805A7E281382D30060FE06 /* Awards.json in Resources */,
				6D837E7427F523C20003C6C1 /* Preview Assets.xcassets in Resources */,
				6D837E7127F523C20003C6C1 /* Assets.xcassets in Resources */,
				6D805A7A2813806A0060FE06 /* Localizable.stringsdict in Resources */,
			);
			runOnlyForDeploymentPostprocessing = 0;
		};
/* End PBXResourcesBuildPhase section */

/* Begin PBXSourcesBuildPhase section */
		6D567AA82822197B009573F7 /* Sources */ = {
			isa = PBXSourcesBuildPhase;
			buildActionMask = 2147483647;
			files = (
				6D567AB628221C0D009573F7 /* AssetTests.swift in Sources */,
				6D567ABC28224ADA009573F7 /* AwardTests.swift in Sources */,
				6D567AAF2822197B009573F7 /* UltimatePortfolioTests.swift in Sources */,
				6DE50DF02828D34C00664B8A /* ExtensionTests.swift in Sources */,
				6D567ABA28223681009573F7 /* ProjectTests.swift in Sources */,
				6D567ABE2824CE20009573F7 /* DevelopmentTests.swift in Sources */,
			);
			runOnlyForDeploymentPostprocessing = 0;
		};
		6D837E6527F523BF0003C6C1 /* Sources */ = {
			isa = PBXSourcesBuildPhase;
			buildActionMask = 2147483647;
			files = (
				6D9E944127F554E90044A5A0 /* ProjectsView.swift in Sources */,
				6D837E7C27F525140003C6C1 /* Main.xcdatamodeld in Sources */,
				6D9E944527F584D50044A5A0 /* Project-CoreDataHelpers.swift in Sources */,
				6D9E943827F52AE80044A5A0 /* DataController.swift in Sources */,
				6DEB02642807C7F200981BBC /* SelectSomethingView.swift in Sources */,
				6DEB0266280A37E500981BBC /* Bundle-Decodable.swift in Sources */,
				6D805A71280F8D840060FE06 /* Color-Additions.swift in Sources */,
				6DCC3BBA27FBCF84000052D9 /* ProjectHeaderView.swift in Sources */,
				6D805A852818D9D60060FE06 /* ProjectSummaryView.swift in Sources */,
				6DCC3BB827FABD62000052D9 /* ItemRowView.swift in Sources */,
				6DEB026A280A616700981BBC /* AwardsView.swift in Sources */,
				6D837E6F27F523BF0003C6C1 /* ContentView.swift in Sources */,
				6D9E943F27F553C20044A5A0 /* HomeView.swift in Sources */,
				6DCC3BBE27FC0F69000052D9 /* EditProjectView.swift in Sources */,
				6D805A832818D68B0060FE06 /* ItemListView.swift in Sources */,
				6D837E6D27F523BF0003C6C1 /* UltimatePortfolioApp.swift in Sources */,
				6D9E944327F582F90044A5A0 /* Item-CoreDataHelpers.swift in Sources */,
				6DEB0268280A600400981BBC /* Award.swift in Sources */,
				6DCC3BB627FAA9A6000052D9 /* EditItemView.swift in Sources */,
			);
			runOnlyForDeploymentPostprocessing = 0;
		};
/* End PBXSourcesBuildPhase section */

/* Begin PBXTargetDependency section */
		6D567AB12822197B009573F7 /* PBXTargetDependency */ = {
			isa = PBXTargetDependency;
			target = 6D837E6827F523BF0003C6C1 /* UltimatePortfolio */;
			targetProxy = 6D567AB02822197B009573F7 /* PBXContainerItemProxy */;
		};
/* End PBXTargetDependency section */

/* Begin PBXVariantGroup section */
		6D805A7828129C730060FE06 /* Localizable.strings */ = {
			isa = PBXVariantGroup;
			children = (
				6D805A7728129C730060FE06 /* en */,
				6D805A79281377C50060FE06 /* hu */,
			);
			name = Localizable.strings;
			sourceTree = "<group>";
		};
		6D805A7C2813806A0060FE06 /* Localizable.stringsdict */ = {
			isa = PBXVariantGroup;
			children = (
				6D805A7B2813806A0060FE06 /* en */,
				6D805A7D2813806D0060FE06 /* hu */,
			);
			name = Localizable.stringsdict;
			sourceTree = "<group>";
		};
		6D805A80281382D30060FE06 /* Awards.json */ = {
			isa = PBXVariantGroup;
			children = (
				6D805A7F281382D30060FE06 /* hu */,
				6D805A81281382EA0060FE06 /* en */,
			);
			name = Awards.json;
			sourceTree = "<group>";
		};
/* End PBXVariantGroup section */

/* Begin XCBuildConfiguration section */
		6D567AB32822197B009573F7 /* Debug */ = {
			isa = XCBuildConfiguration;
			buildSettings = {
				BUNDLE_LOADER = "$(TEST_HOST)";
				CODE_SIGN_STYLE = Automatic;
				CURRENT_PROJECT_VERSION = 1;
				DEVELOPMENT_TEAM = 6H2XBL875F;
				GENERATE_INFOPLIST_FILE = YES;
				MARKETING_VERSION = 1.0;
				PRODUCT_BUNDLE_IDENTIFIER = "com.au.GranitePier-RA.UltimatePortfolioTests";
				PRODUCT_NAME = "$(TARGET_NAME)";
				SWIFT_EMIT_LOC_STRINGS = NO;
				SWIFT_VERSION = 5.0;
				TARGETED_DEVICE_FAMILY = "1,2";
				TEST_HOST = "$(BUILT_PRODUCTS_DIR)/UltimatePortfolio.app/UltimatePortfolio";
			};
			name = Debug;
		};
		6D567AB42822197B009573F7 /* Release */ = {
			isa = XCBuildConfiguration;
			buildSettings = {
				BUNDLE_LOADER = "$(TEST_HOST)";
				CODE_SIGN_STYLE = Automatic;
				CURRENT_PROJECT_VERSION = 1;
				DEVELOPMENT_TEAM = 6H2XBL875F;
				GENERATE_INFOPLIST_FILE = YES;
				MARKETING_VERSION = 1.0;
				PRODUCT_BUNDLE_IDENTIFIER = "com.au.GranitePier-RA.UltimatePortfolioTests";
				PRODUCT_NAME = "$(TARGET_NAME)";
				SWIFT_EMIT_LOC_STRINGS = NO;
				SWIFT_VERSION = 5.0;
				TARGETED_DEVICE_FAMILY = "1,2";
				TEST_HOST = "$(BUILT_PRODUCTS_DIR)/UltimatePortfolio.app/UltimatePortfolio";
			};
			name = Release;
		};
		6D837E7527F523C20003C6C1 /* Debug */ = {
			isa = XCBuildConfiguration;
			buildSettings = {
				ALWAYS_SEARCH_USER_PATHS = NO;
				CLANG_ANALYZER_NONNULL = YES;
				CLANG_ANALYZER_NUMBER_OBJECT_CONVERSION = YES_AGGRESSIVE;
				CLANG_CXX_LANGUAGE_STANDARD = "gnu++17";
				CLANG_ENABLE_MODULES = YES;
				CLANG_ENABLE_OBJC_ARC = YES;
				CLANG_ENABLE_OBJC_WEAK = YES;
				CLANG_WARN_BLOCK_CAPTURE_AUTORELEASING = YES;
				CLANG_WARN_BOOL_CONVERSION = YES;
				CLANG_WARN_COMMA = YES;
				CLANG_WARN_CONSTANT_CONVERSION = YES;
				CLANG_WARN_DEPRECATED_OBJC_IMPLEMENTATIONS = YES;
				CLANG_WARN_DIRECT_OBJC_ISA_USAGE = YES_ERROR;
				CLANG_WARN_DOCUMENTATION_COMMENTS = YES;
				CLANG_WARN_EMPTY_BODY = YES;
				CLANG_WARN_ENUM_CONVERSION = YES;
				CLANG_WARN_INFINITE_RECURSION = YES;
				CLANG_WARN_INT_CONVERSION = YES;
				CLANG_WARN_NON_LITERAL_NULL_CONVERSION = YES;
				CLANG_WARN_OBJC_IMPLICIT_RETAIN_SELF = YES;
				CLANG_WARN_OBJC_LITERAL_CONVERSION = YES;
				CLANG_WARN_OBJC_ROOT_CLASS = YES_ERROR;
				CLANG_WARN_QUOTED_INCLUDE_IN_FRAMEWORK_HEADER = YES;
				CLANG_WARN_RANGE_LOOP_ANALYSIS = YES;
				CLANG_WARN_STRICT_PROTOTYPES = YES;
				CLANG_WARN_SUSPICIOUS_MOVE = YES;
				CLANG_WARN_UNGUARDED_AVAILABILITY = YES_AGGRESSIVE;
				CLANG_WARN_UNREACHABLE_CODE = YES;
				CLANG_WARN__DUPLICATE_METHOD_MATCH = YES;
				COPY_PHASE_STRIP = NO;
				DEBUG_INFORMATION_FORMAT = dwarf;
				ENABLE_STRICT_OBJC_MSGSEND = YES;
				ENABLE_TESTABILITY = YES;
				GCC_C_LANGUAGE_STANDARD = gnu11;
				GCC_DYNAMIC_NO_PIC = NO;
				GCC_NO_COMMON_BLOCKS = YES;
				GCC_OPTIMIZATION_LEVEL = 0;
				GCC_PREPROCESSOR_DEFINITIONS = (
					"DEBUG=1",
					"$(inherited)",
				);
				GCC_WARN_64_TO_32_BIT_CONVERSION = YES;
				GCC_WARN_ABOUT_RETURN_TYPE = YES_ERROR;
				GCC_WARN_UNDECLARED_SELECTOR = YES;
				GCC_WARN_UNINITIALIZED_AUTOS = YES_AGGRESSIVE;
				GCC_WARN_UNUSED_FUNCTION = YES;
				GCC_WARN_UNUSED_VARIABLE = YES;
				IPHONEOS_DEPLOYMENT_TARGET = 15.4;
				MTL_ENABLE_DEBUG_INFO = INCLUDE_SOURCE;
				MTL_FAST_MATH = YES;
				ONLY_ACTIVE_ARCH = YES;
				SDKROOT = iphoneos;
				SWIFT_ACTIVE_COMPILATION_CONDITIONS = DEBUG;
				SWIFT_OPTIMIZATION_LEVEL = "-Onone";
			};
			name = Debug;
		};
		6D837E7627F523C20003C6C1 /* Release */ = {
			isa = XCBuildConfiguration;
			buildSettings = {
				ALWAYS_SEARCH_USER_PATHS = NO;
				CLANG_ANALYZER_NONNULL = YES;
				CLANG_ANALYZER_NUMBER_OBJECT_CONVERSION = YES_AGGRESSIVE;
				CLANG_CXX_LANGUAGE_STANDARD = "gnu++17";
				CLANG_ENABLE_MODULES = YES;
				CLANG_ENABLE_OBJC_ARC = YES;
				CLANG_ENABLE_OBJC_WEAK = YES;
				CLANG_WARN_BLOCK_CAPTURE_AUTORELEASING = YES;
				CLANG_WARN_BOOL_CONVERSION = YES;
				CLANG_WARN_COMMA = YES;
				CLANG_WARN_CONSTANT_CONVERSION = YES;
				CLANG_WARN_DEPRECATED_OBJC_IMPLEMENTATIONS = YES;
				CLANG_WARN_DIRECT_OBJC_ISA_USAGE = YES_ERROR;
				CLANG_WARN_DOCUMENTATION_COMMENTS = YES;
				CLANG_WARN_EMPTY_BODY = YES;
				CLANG_WARN_ENUM_CONVERSION = YES;
				CLANG_WARN_INFINITE_RECURSION = YES;
				CLANG_WARN_INT_CONVERSION = YES;
				CLANG_WARN_NON_LITERAL_NULL_CONVERSION = YES;
				CLANG_WARN_OBJC_IMPLICIT_RETAIN_SELF = YES;
				CLANG_WARN_OBJC_LITERAL_CONVERSION = YES;
				CLANG_WARN_OBJC_ROOT_CLASS = YES_ERROR;
				CLANG_WARN_QUOTED_INCLUDE_IN_FRAMEWORK_HEADER = YES;
				CLANG_WARN_RANGE_LOOP_ANALYSIS = YES;
				CLANG_WARN_STRICT_PROTOTYPES = YES;
				CLANG_WARN_SUSPICIOUS_MOVE = YES;
				CLANG_WARN_UNGUARDED_AVAILABILITY = YES_AGGRESSIVE;
				CLANG_WARN_UNREACHABLE_CODE = YES;
				CLANG_WARN__DUPLICATE_METHOD_MATCH = YES;
				COPY_PHASE_STRIP = NO;
				DEBUG_INFORMATION_FORMAT = "dwarf-with-dsym";
				ENABLE_NS_ASSERTIONS = NO;
				ENABLE_STRICT_OBJC_MSGSEND = YES;
				GCC_C_LANGUAGE_STANDARD = gnu11;
				GCC_NO_COMMON_BLOCKS = YES;
				GCC_WARN_64_TO_32_BIT_CONVERSION = YES;
				GCC_WARN_ABOUT_RETURN_TYPE = YES_ERROR;
				GCC_WARN_UNDECLARED_SELECTOR = YES;
				GCC_WARN_UNINITIALIZED_AUTOS = YES_AGGRESSIVE;
				GCC_WARN_UNUSED_FUNCTION = YES;
				GCC_WARN_UNUSED_VARIABLE = YES;
				IPHONEOS_DEPLOYMENT_TARGET = 15.4;
				MTL_ENABLE_DEBUG_INFO = NO;
				MTL_FAST_MATH = YES;
				SDKROOT = iphoneos;
				SWIFT_COMPILATION_MODE = wholemodule;
				SWIFT_OPTIMIZATION_LEVEL = "-O";
				VALIDATE_PRODUCT = YES;
			};
			name = Release;
		};
		6D837E7827F523C20003C6C1 /* Debug */ = {
			isa = XCBuildConfiguration;
			buildSettings = {
				ASSETCATALOG_COMPILER_APPICON_NAME = AppIcon;
				ASSETCATALOG_COMPILER_GLOBAL_ACCENT_COLOR_NAME = AccentColor;
				CODE_SIGN_ENTITLEMENTS = UltimatePortfolio/Configuration/UltimatePortfolio.entitlements;
				CODE_SIGN_STYLE = Automatic;
				CURRENT_PROJECT_VERSION = 1;
				DEVELOPMENT_ASSET_PATHS = "\"UltimatePortfolio/Preview Content\"";
				DEVELOPMENT_TEAM = 6H2XBL875F;
				ENABLE_PREVIEWS = YES;
				GENERATE_INFOPLIST_FILE = YES;
				INFOPLIST_FILE = UltimatePortfolio/Configuration/Info.plist;
				INFOPLIST_KEY_UIApplicationSceneManifest_Generation = YES;
				INFOPLIST_KEY_UIApplicationSupportsIndirectInputEvents = YES;
				INFOPLIST_KEY_UILaunchScreen_Generation = YES;
				INFOPLIST_KEY_UISupportedInterfaceOrientations_iPad = "UIInterfaceOrientationPortrait UIInterfaceOrientationPortraitUpsideDown UIInterfaceOrientationLandscapeLeft UIInterfaceOrientationLandscapeRight";
				INFOPLIST_KEY_UISupportedInterfaceOrientations_iPhone = "UIInterfaceOrientationPortrait UIInterfaceOrientationLandscapeLeft UIInterfaceOrientationLandscapeRight";
				LD_RUNPATH_SEARCH_PATHS = (
					"$(inherited)",
					"@executable_path/Frameworks",
				);
				MARKETING_VERSION = 1.0;
				PRODUCT_BUNDLE_IDENTIFIER = "com.au.GranitePier-RA.UltimatePortfolio";
				PRODUCT_NAME = "$(TARGET_NAME)";
				SWIFT_EMIT_LOC_STRINGS = YES;
				SWIFT_VERSION = 5.0;
				TARGETED_DEVICE_FAMILY = "1,2";
			};
			name = Debug;
		};
		6D837E7927F523C20003C6C1 /* Release */ = {
			isa = XCBuildConfiguration;
			buildSettings = {
				ASSETCATALOG_COMPILER_APPICON_NAME = AppIcon;
				ASSETCATALOG_COMPILER_GLOBAL_ACCENT_COLOR_NAME = AccentColor;
				CODE_SIGN_ENTITLEMENTS = UltimatePortfolio/Configuration/UltimatePortfolio.entitlements;
				CODE_SIGN_STYLE = Automatic;
				CURRENT_PROJECT_VERSION = 1;
				DEVELOPMENT_ASSET_PATHS = "\"UltimatePortfolio/Preview Content\"";
				DEVELOPMENT_TEAM = 6H2XBL875F;
				ENABLE_PREVIEWS = YES;
				GENERATE_INFOPLIST_FILE = YES;
				INFOPLIST_FILE = UltimatePortfolio/Configuration/Info.plist;
				INFOPLIST_KEY_UIApplicationSceneManifest_Generation = YES;
				INFOPLIST_KEY_UIApplicationSupportsIndirectInputEvents = YES;
				INFOPLIST_KEY_UILaunchScreen_Generation = YES;
				INFOPLIST_KEY_UISupportedInterfaceOrientations_iPad = "UIInterfaceOrientationPortrait UIInterfaceOrientationPortraitUpsideDown UIInterfaceOrientationLandscapeLeft UIInterfaceOrientationLandscapeRight";
				INFOPLIST_KEY_UISupportedInterfaceOrientations_iPhone = "UIInterfaceOrientationPortrait UIInterfaceOrientationLandscapeLeft UIInterfaceOrientationLandscapeRight";
				LD_RUNPATH_SEARCH_PATHS = (
					"$(inherited)",
					"@executable_path/Frameworks",
				);
				MARKETING_VERSION = 1.0;
				PRODUCT_BUNDLE_IDENTIFIER = "com.au.GranitePier-RA.UltimatePortfolio";
				PRODUCT_NAME = "$(TARGET_NAME)";
				SWIFT_EMIT_LOC_STRINGS = YES;
				SWIFT_VERSION = 5.0;
				TARGETED_DEVICE_FAMILY = "1,2";
			};
			name = Release;
		};
/* End XCBuildConfiguration section */

/* Begin XCConfigurationList section */
		6D567AB22822197B009573F7 /* Build configuration list for PBXNativeTarget "UltimatePortfolioTests" */ = {
			isa = XCConfigurationList;
			buildConfigurations = (
				6D567AB32822197B009573F7 /* Debug */,
				6D567AB42822197B009573F7 /* Release */,
			);
			defaultConfigurationIsVisible = 0;
			defaultConfigurationName = Release;
		};
		6D837E6427F523BF0003C6C1 /* Build configuration list for PBXProject "UltimatePortfolio" */ = {
			isa = XCConfigurationList;
			buildConfigurations = (
				6D837E7527F523C20003C6C1 /* Debug */,
				6D837E7627F523C20003C6C1 /* Release */,
			);
			defaultConfigurationIsVisible = 0;
			defaultConfigurationName = Release;
		};
		6D837E7727F523C20003C6C1 /* Build configuration list for PBXNativeTarget "UltimatePortfolio" */ = {
			isa = XCConfigurationList;
			buildConfigurations = (
				6D837E7827F523C20003C6C1 /* Debug */,
				6D837E7927F523C20003C6C1 /* Release */,
			);
			defaultConfigurationIsVisible = 0;
			defaultConfigurationName = Release;
		};
/* End XCConfigurationList section */

/* Begin XCVersionGroup section */
		6D837E7A27F525140003C6C1 /* Main.xcdatamodeld */ = {
			isa = XCVersionGroup;
			children = (
				6D837E7B27F525140003C6C1 /* Main.xcdatamodel */,
			);
			currentVersion = 6D837E7B27F525140003C6C1 /* Main.xcdatamodel */;
			path = Main.xcdatamodeld;
			sourceTree = "<group>";
			versionGroupType = wrapper.xcdatamodel;
		};
/* End XCVersionGroup section */
	};
	rootObject = 6D837E6127F523BF0003C6C1 /* Project object */;
}
